{
  "nodes": {
    "flake-parts": {
      "inputs": {
        "nixpkgs-lib": "nixpkgs-lib"
      },
      "locked": {
        "lastModified": 1775087534,
        "narHash": "sha256-91qqW8lhL7TLwgQWijoGBbiD4t7/q75KTi8NxjVmSmA=",
        "owner": "hercules-ci",
        "repo": "flake-parts",
        "rev": "3107b77cd68437b9a76194f0f7f9c55f2329ca5b",
        "type": "github"
      },
      "original": {
        "owner": "hercules-ci",
        "repo": "flake-parts",
        "type": "github"
      }
    },
    "flake-utils": {
      "inputs": {
        "systems": "systems"
      },
      "locked": {
        "lastModified": 1731533236,
        "narHash": "sha256-l0KFg5HjrsfsO/JpG+r7fRrqm12kzFHyUHqHCVpMMbI=",
        "owner": "numtide",
        "repo": "flake-utils",
        "rev": "11707dc2f618dd54ca8739b309ec4fc024de578b",
        "type": "github"
      },
      "original": {
        "owner": "numtide",
        "repo": "flake-utils",
        "type": "github"
      }
    },
    "flakoboros": {
      "inputs": {
        "flake-parts": "flake-parts",
        "nix-ros-overlay": "nix-ros-overlay",
        "nixpkgs": [
          "gazebros2nix",
          "flakoboros",
          "nix-ros-overlay",
          "nixpkgs"
        ],
        "systems": [
          "gazebros2nix",
          "flakoboros",
          "nix-ros-overlay",
          "flake-utils",
          "systems"
        ],
        "treefmt-nix": "treefmt-nix"
      },
      "locked": {
        "lastModified": 1775253014,
        "narHash": "sha256-FkBoiFcTxu4I4QYBV731G30zfEpowFHaQla95mpgBqY=",
        "owner": "gepetto",
        "repo": "flakoboros",
        "rev": "f01c99b0c3e2e75de484bd350353d4f7383385c2",
        "type": "github"
      },
      "original": {
        "owner": "gepetto",
        "repo": "flakoboros",
        "type": "github"
      }
    },
    "gazebros2nix": {
      "inputs": {
        "flake-parts": [
          "gazebros2nix",
          "flakoboros",
          "flake-parts"
        ],
        "flakoboros": "flakoboros",
        "nix-ros-overlay": [
          "gazebros2nix",
          "flakoboros",
          "nix-ros-overlay"
        ],
        "nixpkgs": [
          "gazebros2nix",
          "flakoboros",
          "nixpkgs"
        ],
        "pyproject-build-systems": "pyproject-build-systems",
        "pyproject-nix": "pyproject-nix",
        "systems": [
          "gazebros2nix",
          "flakoboros",
          "systems"
        ],
        "treefmt-nix": [
          "gazebros2nix",
          "flakoboros",
          "treefmt-nix"
        ],
        "uv2nix": "uv2nix"
      },
      "locked": {
        "lastModified": 1775341473,
        "narHash": "sha256-RiWQZm+fm+GyWREPrcbzBc17z9MdllzhxI6WvIYu6cY=",
        "owner": "gepetto",
        "repo": "gazebros2nix",
        "rev": "873b616afa62f305911880c0b39ebd9df1a86947",
        "type": "github"
      },
      "original": {
        "owner": "gepetto",
        "repo": "gazebros2nix",
        "type": "github"
      }
    },
    "nix-ros-overlay": {
      "inputs": {
        "flake-utils": "flake-utils",
        "nixpkgs": "nixpkgs"
      },
      "locked": {
        "lastModified": 1775242455,
        "narHash": "sha256-6k6GChuNuVU70rq5Stp7PHsH1haAX7q4uRv6hBwGMoc=",
        "owner": "lopsided98",
        "repo": "nix-ros-overlay",
        "rev": "909dbfd8cbe571a6cb63ac7a526e71c8d3f85a26",
        "type": "github"
      },
      "original": {
        "owner": "lopsided98",
        "ref": "develop",
        "repo": "nix-ros-overlay",
        "type": "github"
      }
    },
    "nixpkgs": {
      "locked": {
        "lastModified": 1771369470,
        "narHash": "sha256-0NBlEBKkN3lufyvFegY4TYv5mCNHbi5OmBDrzihbBMQ=",
        "owner": "NixOS",
        "repo": "nixpkgs",
        "rev": "0182a361324364ae3f436a63005877674cf45efb",
        "type": "github"
      },
      "original": {
        "owner": "NixOS",
        "ref": "nixos-unstable",
        "repo": "nixpkgs",
        "type": "github"
      }
    },
    "nixpkgs-lib": {
      "locked": {
        "lastModified": 1774748309,
        "narHash": "sha256-+U7gF3qxzwD5TZuANzZPeJTZRHS29OFQgkQ2kiTJBIQ=",
        "owner": "nix-community",
        "repo": "nixpkgs.lib",
        "rev": "333c4e0545a6da976206c74db8773a1645b5870a",
        "type": "github"
      },
      "original": {
        "owner": "nix-community",
        "repo": "nixpkgs.lib",
        "type": "github"
      }
    },
    "pyproject-build-systems": {
      "inputs": {
        "nixpkgs": [
          "gazebros2nix",
          "nixpkgs"
        ],
        "pyproject-nix": [
          "gazebros2nix",
          "pyproject-nix"
        ],
        "uv2nix": [
          "gazebros2nix",
          "uv2nix"
        ]
      },
      "locked": {
        "lastModified": 1773870109,
        "narHash": "sha256-ZoTdqZP03DcdoyxvpFHCAek4bkPUTUPUF3oCCgc3dP4=",
        "owner": "pyproject-nix",
        "repo": "build-system-pkgs",
        "rev": "b6e74f433b02fa4b8a7965ee24680f4867e2926f",
        "type": "github"
      },
      "original": {
        "owner": "pyproject-nix",
        "repo": "build-system-pkgs",
        "type": "github"
      }
    },
    "pyproject-nix": {
      "inputs": {
        "nixpkgs": [
          "gazebros2nix",
          "nixpkgs"
        ]
      },
      "locked": {
        "lastModified": 1775197701,
        "narHash": "sha256-W9dcvnvbpZZexKVnDp/8NiNXqy2gnq1FWCD142/Skp8=",
        "owner": "pyproject-nix",
        "repo": "pyproject.nix",
        "rev": "946e5fb82c3443940c45e5a61686d173e2e21155",
        "type": "github"
      },
      "original": {
        "owner": "pyproject-nix",
        "repo": "pyproject.nix",
        "type": "github"
      }
    },
    "root": {
      "inputs": {
        "flake-parts": [
          "gazebros2nix",
          "flake-parts"
        ],
        "flakoboros": [
          "gazebros2nix",
          "flakoboros"
        ],
        "gazebros2nix": "gazebros2nix",
        "nix-ros-overlay": [
          "gazebros2nix",
          "nix-ros-overlay"
        ],
        "nixpkgs": [
          "gazebros2nix",
          "nixpkgs"
        ],
        "systems": [
          "gazebros2nix",
          "systems"
        ],
        "treefmt-nix": [
          "gazebros2nix",
          "treefmt-nix"
        ]
      }
    },
    "systems": {
      "locked": {
        "lastModified": 1681028828,
        "narHash": "sha256-Vy1rq5AaRuLzOxct8nz4T6wlgyUR7zLU309k9mBC768=",
        "owner": "nix-systems",
        "repo": "default",
        "rev": "da67096a3b9bf56a91d16901293e51ba5b49a27e",
        "type": "github"
      },
      "original": {
        "owner": "nix-systems",
        "repo": "default",
        "type": "github"
      }
    },
    "treefmt-nix": {
      "inputs": {
        "nixpkgs": [
          "gazebros2nix",
          "flakoboros",
          "nixpkgs"
        ]
      },
      "locked": {
        "lastModified": 1775125835,
        "narHash": "sha256-2qYcPgzFhnQWchHo0SlqLHrXpux5i6ay6UHA+v2iH4U=",
        "owner": "numtide",
        "repo": "treefmt-nix",
        "rev": "75925962939880974e3ab417879daffcba36c4a3",
        "type": "github"
      },
      "original": {
        "owner": "numtide",
        "repo": "treefmt-nix",
        "type": "github"
      }
    },
    "uv2nix": {
      "inputs": {
        "nixpkgs": [
          "gazebros2nix",
          "nixpkgs"
        ],
        "pyproject-nix": [
          "gazebros2nix",
          "pyproject-nix"
        ]
      },
      "locked": {
        "lastModified": 1775195476,
        "narHash": "sha256-uaPmLBiYfd6dpTJD8SI6+8Cg0ciUpHc5uN5EbFmd6SE=",
        "owner": "pyproject-nix",
        "repo": "uv2nix",
        "rev": "7fac30f496a7d9853e8c301a8edbfc35af50d418",
        "type": "github"
      },
      "original": {
        "owner": "pyproject-nix",
        "repo": "uv2nix",
        "type": "github"
      }
    }
  },
  "root": "root",
  "version": 7
}
